
Microsoft Visual Studio Solution File, Format Version 12.00
# Visual Studio 15
VisualStudioVersion = 15.0.28307.705
MinimumVisualStudioVersion = 10.0.40219.1
Project("{FAE04EC0-301F-11D3-BF4B-00C04F79EFBC}") = "TrainingPhase2", "TrainingPhase2\TrainingPhase2.csproj", "{6D8CBEDF-C722-4D9B-A161-2C86CB0A4949}"
EndProject
Global
	GlobalSection(SolutionConfigurationPlatforms) = preSolution
		Debug|Any CPU = Debug|Any CPU
		Release|Any CPU = Release|Any CPU
	EndGlobalSection
	GlobalSection(ProjectConfigurationPlatforms) = postSolution
		{6D8CBEDF-C722-4D9B-A161-2C86CB0A4949}.Debug|Any CPU.ActiveCfg = Debug|Any CPU
		{6D8CBEDF-C722-4D9B-A161-2C86CB0A4949}.Debug|Any CPU.Build.0 = Debug|Any CPU
		{6D8CBEDF-C722-4D9B-A161-2C86CB0A4949}.Release|Any CPU.ActiveCfg = Release|Any CPU
		{6D8CBEDF-C722-4D9B-A161-2C86CB0A4949}.Release|Any CPU.Build.0 = Release|Any CPU
	EndGlobalSection
	GlobalSection(SolutionProperties) = preSolution
		HideSolutionNode = FALSE
	EndGlobalSection
	GlobalSection(ExtensibilityGlobals) = postSolution
		SolutionGuid = {DE930C00-9D14-45BC-AE2B-B5C144F1506D}
	EndGlobalSection
EndGlobal
